
Microsoft Visual Studio Solution File, Format Version 12.00
# Visual Studio Version 17
VisualStudioVersion = 17.1.32421.90
MinimumVisualStudioVersion = 10.0.40219.1
Project("{FAE04EC0-301F-11D3-BF4B-00C04F79EFBC}") = "ExampleAPI", "ExampleAPI\ExampleAPI.csproj", "{76A82F8C-9D3D-4632-8A39-44C176CFCFED}"
EndProject
Global
	GlobalSection(SolutionConfigurationPlatforms) = preSolution
		Debug|Any CPU = Debug|Any CPU
		Release|Any CPU = Release|Any CPU
	EndGlobalSection
	GlobalSection(ProjectConfigurationPlatforms) = postSolution
		{76A82F8C-9D3D-4632-8A39-44C176CFCFED}.Debug|Any CPU.ActiveCfg = Debug|Any CPU
		{76A82F8C-9D3D-4632-8A39-44C176CFCFED}.Debug|Any CPU.Build.0 = Debug|Any CPU
		{76A82F8C-9D3D-4632-8A39-44C176CFCFED}.Release|Any CPU.ActiveCfg = Release|Any CPU
		{76A82F8C-9D3D-4632-8A39-44C176CFCFED}.Release|Any CPU.Build.0 = Release|Any CPU
	EndGlobalSection
	GlobalSection(SolutionProperties) = preSolution
		HideSolutionNode = FALSE
	EndGlobalSection
	GlobalSection(ExtensibilityGlobals) = postSolution
		SolutionGuid = {EA0E3452-2A4E-4ADC-8B5D-019F9BE22E3A}
	EndGlobalSection
EndGlobal
